
Microsoft Visual Studio Solution File, Format Version 12.00
# Visual Studio Version 16
VisualStudioVersion = 16.0.29503.13
MinimumVisualStudioVersion = 10.0.40219.1
Project("{9A19103F-16F7-4668-BE54-9A1E7A4F7556}") = "NServiceBus.Extensions.Logging", "NServiceBus.Extensions.Logging\NServiceBus.Extensions.Logging.csproj", "{C6625A7E-471C-4845-9513-8902F66301EE}"
EndProject
Project("{FAE04EC0-301F-11D3-BF4B-00C04F79EFBC}") = "NServiceBus.Extensions.Logging.Tests", "NServiceBus.Extensions.Logging.Tests\NServiceBus.Extensions.Logging.Tests.csproj", "{4347477C-C221-4A2C-8499-BD22937B30B3}"
EndProject
Project("{FAE04EC0-301F-11D3-BF4B-00C04F79EFBC}") = "NServiceBus.Extensions.Logging.NLog.AcceptanceTests", "NServiceBus.Extensions.Logging.NLog.AcceptanceTests\NServiceBus.Extensions.Logging.NLog.AcceptanceTests.csproj", "{C6860C0A-C188-4929-A824-8BC4C011CA14}"
EndProject
Global
	GlobalSection(SolutionConfigurationPlatforms) = preSolution
		Debug|Any CPU = Debug|Any CPU
		Release|Any CPU = Release|Any CPU
	EndGlobalSection
	GlobalSection(ProjectConfigurationPlatforms) = postSolution
		{C6625A7E-471C-4845-9513-8902F66301EE}.Debug|Any CPU.ActiveCfg = Debug|Any CPU
		{C6625A7E-471C-4845-9513-8902F66301EE}.Debug|Any CPU.Build.0 = Debug|Any CPU
		{C6625A7E-471C-4845-9513-8902F66301EE}.Release|Any CPU.ActiveCfg = Release|Any CPU
		{C6625A7E-471C-4845-9513-8902F66301EE}.Release|Any CPU.Build.0 = Release|Any CPU
		{4347477C-C221-4A2C-8499-BD22937B30B3}.Debug|Any CPU.ActiveCfg = Debug|Any CPU
		{4347477C-C221-4A2C-8499-BD22937B30B3}.Debug|Any CPU.Build.0 = Debug|Any CPU
		{4347477C-C221-4A2C-8499-BD22937B30B3}.Release|Any CPU.ActiveCfg = Release|Any CPU
		{4347477C-C221-4A2C-8499-BD22937B30B3}.Release|Any CPU.Build.0 = Release|Any CPU
		{C6860C0A-C188-4929-A824-8BC4C011CA14}.Debug|Any CPU.ActiveCfg = Debug|Any CPU
		{C6860C0A-C188-4929-A824-8BC4C011CA14}.Debug|Any CPU.Build.0 = Debug|Any CPU
		{C6860C0A-C188-4929-A824-8BC4C011CA14}.Release|Any CPU.ActiveCfg = Release|Any CPU
		{C6860C0A-C188-4929-A824-8BC4C011CA14}.Release|Any CPU.Build.0 = Release|Any CPU
	EndGlobalSection
	GlobalSection(SolutionProperties) = preSolution
		HideSolutionNode = FALSE
	EndGlobalSection
	GlobalSection(ExtensibilityGlobals) = postSolution
		SolutionGuid = {B927699F-7172-4840-B86B-DE8934911F1A}
	EndGlobalSection
EndGlobal
